
Microsoft Visual Studio Solution File, Format Version 12.00
# Visual Studio Version 17
VisualStudioVersion = 17.1.32407.343
MinimumVisualStudioVersion = 10.0.40219.1
Project("{9A19103F-16F7-4668-BE54-9A1E7A4F7556}") = "GoodocV4LinkOnDotNetSample", "GoodocV4LinkOnDotNetSample\GoodocV4LinkOnDotNetSample.csproj", "{A6040590-A09F-4BEC-838C-0B4B77D49205}"
EndProject
Global
	GlobalSection(SolutionConfigurationPlatforms) = preSolution
		Debug|Any CPU = Debug|Any CPU
		Debug|x86 = Debug|x86
		Release|Any CPU = Release|Any CPU
		Release|x86 = Release|x86
	EndGlobalSection
	GlobalSection(ProjectConfigurationPlatforms) = postSolution
		{A6040590-A09F-4BEC-838C-0B4B77D49205}.Debug|Any CPU.ActiveCfg = Debug|x86
		{A6040590-A09F-4BEC-838C-0B4B77D49205}.Debug|Any CPU.Build.0 = Debug|x86
		{A6040590-A09F-4BEC-838C-0B4B77D49205}.Debug|x86.ActiveCfg = Debug|x86
		{A6040590-A09F-4BEC-838C-0B4B77D49205}.Debug|x86.Build.0 = Debug|x86
		{A6040590-A09F-4BEC-838C-0B4B77D49205}.Release|Any CPU.ActiveCfg = Release|Any CPU
		{A6040590-A09F-4BEC-838C-0B4B77D49205}.Release|Any CPU.Build.0 = Release|Any CPU
		{A6040590-A09F-4BEC-838C-0B4B77D49205}.Release|x86.ActiveCfg = Release|x86
		{A6040590-A09F-4BEC-838C-0B4B77D49205}.Release|x86.Build.0 = Release|x86
	EndGlobalSection
	GlobalSection(SolutionProperties) = preSolution
		HideSolutionNode = FALSE
	EndGlobalSection
	GlobalSection(ExtensibilityGlobals) = postSolution
		SolutionGuid = {E9DC07F4-4932-4B18-B9FA-B4CE64A594EE}
	EndGlobalSection
EndGlobal
